
Microsoft Visual Studio Solution File, Format Version 12.00
Project("{FAE04EC0-301F-11D3-BF4B-00C04F79EFBC}") = "Ex1", "Ex1\Ex1.csproj", "{F58CF106-5C2C-4073-83DB-3EAA0E2B33E5}"
EndProject
Project("{FAE04EC0-301F-11D3-BF4B-00C04F79EFBC}") = "Task1", "Task1\Task1.csproj", "{4EB05ADC-2DD8-4EB0-AD42-81F63A0B49B4}"
EndProject
Project("{FAE04EC0-301F-11D3-BF4B-00C04F79EFBC}") = "Task2", "Task2\Task2.csproj", "{F871283F-1192-44FB-B1E9-04E4FCE3777F}"
EndProject
Project("{FAE04EC0-301F-11D3-BF4B-00C04F79EFBC}") = "Task3", "Task3\Task3.csproj", "{603D8A6F-1A5D-40FD-82E8-64DA9D12B64F}"
EndProject
Project("{FAE04EC0-301F-11D3-BF4B-00C04F79EFBC}") = "Task4", "Task4\Task4.csproj", "{7BE016C8-06AE-47A4-88AF-15B39FE91FF0}"
EndProject
Project("{FAE04EC0-301F-11D3-BF4B-00C04F79EFBC}") = "Task5", "Task5\Task5.csproj", "{9AC7D5BC-829E-4886-9A67-435B77F904D8}"
EndProject
Project("{FAE04EC0-301F-11D3-BF4B-00C04F79EFBC}") = "Task6", "Task6\Task6.csproj", "{13C21943-9210-4679-9208-67769057C899}"
EndProject
Global
	GlobalSection(SolutionConfigurationPlatforms) = preSolution
		Debug|Any CPU = Debug|Any CPU
		Release|Any CPU = Release|Any CPU
	EndGlobalSection
	GlobalSection(ProjectConfigurationPlatforms) = postSolution
		{F58CF106-5C2C-4073-83DB-3EAA0E2B33E5}.Debug|Any CPU.ActiveCfg = Debug|Any CPU
		{F58CF106-5C2C-4073-83DB-3EAA0E2B33E5}.Debug|Any CPU.Build.0 = Debug|Any CPU
		{F58CF106-5C2C-4073-83DB-3EAA0E2B33E5}.Release|Any CPU.ActiveCfg = Release|Any CPU
		{F58CF106-5C2C-4073-83DB-3EAA0E2B33E5}.Release|Any CPU.Build.0 = Release|Any CPU
		{4EB05ADC-2DD8-4EB0-AD42-81F63A0B49B4}.Debug|Any CPU.ActiveCfg = Debug|Any CPU
		{4EB05ADC-2DD8-4EB0-AD42-81F63A0B49B4}.Debug|Any CPU.Build.0 = Debug|Any CPU
		{4EB05ADC-2DD8-4EB0-AD42-81F63A0B49B4}.Release|Any CPU.ActiveCfg = Release|Any CPU
		{4EB05ADC-2DD8-4EB0-AD42-81F63A0B49B4}.Release|Any CPU.Build.0 = Release|Any CPU
		{F871283F-1192-44FB-B1E9-04E4FCE3777F}.Debug|Any CPU.ActiveCfg = Debug|Any CPU
		{F871283F-1192-44FB-B1E9-04E4FCE3777F}.Debug|Any CPU.Build.0 = Debug|Any CPU
		{F871283F-1192-44FB-B1E9-04E4FCE3777F}.Release|Any CPU.ActiveCfg = Release|Any CPU
		{F871283F-1192-44FB-B1E9-04E4FCE3777F}.Release|Any CPU.Build.0 = Release|Any CPU
		{603D8A6F-1A5D-40FD-82E8-64DA9D12B64F}.Debug|Any CPU.ActiveCfg = Debug|Any CPU
		{603D8A6F-1A5D-40FD-82E8-64DA9D12B64F}.Debug|Any CPU.Build.0 = Debug|Any CPU
		{603D8A6F-1A5D-40FD-82E8-64DA9D12B64F}.Release|Any CPU.ActiveCfg = Release|Any CPU
		{603D8A6F-1A5D-40FD-82E8-64DA9D12B64F}.Release|Any CPU.Build.0 = Release|Any CPU
		{7BE016C8-06AE-47A4-88AF-15B39FE91FF0}.Debug|Any CPU.ActiveCfg = Debug|Any CPU
		{7BE016C8-06AE-47A4-88AF-15B39FE91FF0}.Debug|Any CPU.Build.0 = Debug|Any CPU
		{7BE016C8-06AE-47A4-88AF-15B39FE91FF0}.Release|Any CPU.ActiveCfg = Release|Any CPU
		{7BE016C8-06AE-47A4-88AF-15B39FE91FF0}.Release|Any CPU.Build.0 = Release|Any CPU
		{9AC7D5BC-829E-4886-9A67-435B77F904D8}.Debug|Any CPU.ActiveCfg = Debug|Any CPU
		{9AC7D5BC-829E-4886-9A67-435B77F904D8}.Debug|Any CPU.Build.0 = Debug|Any CPU
		{9AC7D5BC-829E-4886-9A67-435B77F904D8}.Release|Any CPU.ActiveCfg = Release|Any CPU
		{9AC7D5BC-829E-4886-9A67-435B77F904D8}.Release|Any CPU.Build.0 = Release|Any CPU
		{13C21943-9210-4679-9208-67769057C899}.Debug|Any CPU.ActiveCfg = Debug|Any CPU
		{13C21943-9210-4679-9208-67769057C899}.Debug|Any CPU.Build.0 = Debug|Any CPU
		{13C21943-9210-4679-9208-67769057C899}.Release|Any CPU.ActiveCfg = Release|Any CPU
		{13C21943-9210-4679-9208-67769057C899}.Release|Any CPU.Build.0 = Release|Any CPU
	EndGlobalSection
EndGlobal
